
Microsoft Visual Studio Solution File, Format Version 12.00
# Visual Studio Version 17
VisualStudioVersion = 17.9.34728.123
MinimumVisualStudioVersion = 10.0.40219.1
Project("{FAE04EC0-301F-11D3-BF4B-00C04F79EFBC}") = "Form1", "Form1\Form1.csproj", "{E2B6739D-C2BB-46F0-B77F-E8B6986C05E8}"
EndProject
Global
	GlobalSection(SolutionConfigurationPlatforms) = preSolution
		Debug|Any CPU = Debug|Any CPU
		Release|Any CPU = Release|Any CPU
	EndGlobalSection
	GlobalSection(ProjectConfigurationPlatforms) = postSolution
		{E2B6739D-C2BB-46F0-B77F-E8B6986C05E8}.Debug|Any CPU.ActiveCfg = Debug|Any CPU
		{E2B6739D-C2BB-46F0-B77F-E8B6986C05E8}.Debug|Any CPU.Build.0 = Debug|Any CPU
		{E2B6739D-C2BB-46F0-B77F-E8B6986C05E8}.Release|Any CPU.ActiveCfg = Release|Any CPU
		{E2B6739D-C2BB-46F0-B77F-E8B6986C05E8}.Release|Any CPU.Build.0 = Release|Any CPU
	EndGlobalSection
	GlobalSection(SolutionProperties) = preSolution
		HideSolutionNode = FALSE
	EndGlobalSection
	GlobalSection(ExtensibilityGlobals) = postSolution
		SolutionGuid = {13AAAF74-28D1-4E70-A538-6D1768D013FB}
	EndGlobalSection
EndGlobal
