
Microsoft Visual Studio Solution File, Format Version 12.00
# Visual Studio Version 17
VisualStudioVersion = 17.9.34728.123
MinimumVisualStudioVersion = 10.0.40219.1
Project("{FAE04EC0-301F-11D3-BF4B-00C04F79EFBC}") = "SeedMe_ReimarkSamuel", "SeedMe_ReimarkSamuel\SeedMe_ReimarkSamuel.csproj", "{D73BD8A1-3A6D-45C2-9B7B-894F982830D6}"
EndProject
Global
	GlobalSection(SolutionConfigurationPlatforms) = preSolution
		Debug|Any CPU = Debug|Any CPU
		Release|Any CPU = Release|Any CPU
	EndGlobalSection
	GlobalSection(ProjectConfigurationPlatforms) = postSolution
		{D73BD8A1-3A6D-45C2-9B7B-894F982830D6}.Debug|Any CPU.ActiveCfg = Debug|Any CPU
		{D73BD8A1-3A6D-45C2-9B7B-894F982830D6}.Debug|Any CPU.Build.0 = Debug|Any CPU
		{D73BD8A1-3A6D-45C2-9B7B-894F982830D6}.Release|Any CPU.ActiveCfg = Release|Any CPU
		{D73BD8A1-3A6D-45C2-9B7B-894F982830D6}.Release|Any CPU.Build.0 = Release|Any CPU
	EndGlobalSection
	GlobalSection(SolutionProperties) = preSolution
		HideSolutionNode = FALSE
	EndGlobalSection
	GlobalSection(ExtensibilityGlobals) = postSolution
		SolutionGuid = {EB0DD336-4C1B-432C-BE0A-343198813196}
	EndGlobalSection
EndGlobal
