
Microsoft Visual Studio Solution File, Format Version 12.00
# Visual Studio Version 17
VisualStudioVersion = 17.9.34728.123
MinimumVisualStudioVersion = 10.0.40219.1
Project("{FAE04EC0-301F-11D3-BF4B-00C04F79EFBC}") = "Tubes_ReiSam", "Tubes_ReiSam\Tubes_ReiSam.csproj", "{4BB97ADB-058B-4B27-A0BA-A35A3E239480}"
EndProject
Global
	GlobalSection(SolutionConfigurationPlatforms) = preSolution
		Debug|Any CPU = Debug|Any CPU
		Release|Any CPU = Release|Any CPU
	EndGlobalSection
	GlobalSection(ProjectConfigurationPlatforms) = postSolution
		{4BB97ADB-058B-4B27-A0BA-A35A3E239480}.Debug|Any CPU.ActiveCfg = Debug|Any CPU
		{4BB97ADB-058B-4B27-A0BA-A35A3E239480}.Debug|Any CPU.Build.0 = Debug|Any CPU
		{4BB97ADB-058B-4B27-A0BA-A35A3E239480}.Release|Any CPU.ActiveCfg = Release|Any CPU
		{4BB97ADB-058B-4B27-A0BA-A35A3E239480}.Release|Any CPU.Build.0 = Release|Any CPU
	EndGlobalSection
	GlobalSection(SolutionProperties) = preSolution
		HideSolutionNode = FALSE
	EndGlobalSection
	GlobalSection(ExtensibilityGlobals) = postSolution
		SolutionGuid = {528C844C-9E72-42AF-9AB2-7DAFD7821A4C}
	EndGlobalSection
EndGlobal
